
Microsoft Visual Studio Solution File, Format Version 12.00
# Visual Studio Version 17
VisualStudioVersion = 17.1.32421.90
MinimumVisualStudioVersion = 10.0.40219.1
Project("{FAE04EC0-301F-11D3-BF4B-00C04F79EFBC}") = "PassBox", "PassBox\PassBox.csproj", "{3293623F-2D69-47EB-80E2-5A45C753866E}"
EndProject
Project("{FAE04EC0-301F-11D3-BF4B-00C04F79EFBC}") = "DataLayer", "DataLayer\DataLayer.csproj", "{EA61BE46-7B4F-479E-9C50-BF79B85CBF14}"
EndProject
Project("{FAE04EC0-301F-11D3-BF4B-00C04F79EFBC}") = "ServiceLayer", "ServiceLayer\ServiceLayer.csproj", "{473239AE-23D1-4730-8A2D-8B9C7BFAC462}"
EndProject
Project("{FAE04EC0-301F-11D3-BF4B-00C04F79EFBC}") = "PassBoxXUnitTest.Test", "PassBoxXUnitTest.Test\PassBoxXUnitTest.Test.csproj", "{6A26D985-3D3B-4228-B5A4-82CE3C9F1155}"
EndProject
Project("{FAE04EC0-301F-11D3-BF4B-00C04F79EFBC}") = "PassBoxUIXUnitTest.Test", "PassBoxUIXUnitTest.Test\PassBoxUIXUnitTest.Test.csproj", "{84531022-DEBE-4F2D-BD85-35DF5BDD0078}"
EndProject
Global
	GlobalSection(SolutionConfigurationPlatforms) = preSolution
		Debug|Any CPU = Debug|Any CPU
		Release|Any CPU = Release|Any CPU
	EndGlobalSection
	GlobalSection(ProjectConfigurationPlatforms) = postSolution
		{3293623F-2D69-47EB-80E2-5A45C753866E}.Debug|Any CPU.ActiveCfg = Debug|Any CPU
		{3293623F-2D69-47EB-80E2-5A45C753866E}.Debug|Any CPU.Build.0 = Debug|Any CPU
		{3293623F-2D69-47EB-80E2-5A45C753866E}.Release|Any CPU.ActiveCfg = Release|Any CPU
		{3293623F-2D69-47EB-80E2-5A45C753866E}.Release|Any CPU.Build.0 = Release|Any CPU
		{EA61BE46-7B4F-479E-9C50-BF79B85CBF14}.Debug|Any CPU.ActiveCfg = Debug|Any CPU
		{EA61BE46-7B4F-479E-9C50-BF79B85CBF14}.Debug|Any CPU.Build.0 = Debug|Any CPU
		{EA61BE46-7B4F-479E-9C50-BF79B85CBF14}.Release|Any CPU.ActiveCfg = Release|Any CPU
		{EA61BE46-7B4F-479E-9C50-BF79B85CBF14}.Release|Any CPU.Build.0 = Release|Any CPU
		{473239AE-23D1-4730-8A2D-8B9C7BFAC462}.Debug|Any CPU.ActiveCfg = Debug|Any CPU
		{473239AE-23D1-4730-8A2D-8B9C7BFAC462}.Debug|Any CPU.Build.0 = Debug|Any CPU
		{473239AE-23D1-4730-8A2D-8B9C7BFAC462}.Release|Any CPU.ActiveCfg = Release|Any CPU
		{473239AE-23D1-4730-8A2D-8B9C7BFAC462}.Release|Any CPU.Build.0 = Release|Any CPU
		{6A26D985-3D3B-4228-B5A4-82CE3C9F1155}.Debug|Any CPU.ActiveCfg = Debug|Any CPU
		{6A26D985-3D3B-4228-B5A4-82CE3C9F1155}.Debug|Any CPU.Build.0 = Debug|Any CPU
		{6A26D985-3D3B-4228-B5A4-82CE3C9F1155}.Release|Any CPU.ActiveCfg = Release|Any CPU
		{6A26D985-3D3B-4228-B5A4-82CE3C9F1155}.Release|Any CPU.Build.0 = Release|Any CPU
		{84531022-DEBE-4F2D-BD85-35DF5BDD0078}.Debug|Any CPU.ActiveCfg = Debug|Any CPU
		{84531022-DEBE-4F2D-BD85-35DF5BDD0078}.Debug|Any CPU.Build.0 = Debug|Any CPU
		{84531022-DEBE-4F2D-BD85-35DF5BDD0078}.Release|Any CPU.ActiveCfg = Release|Any CPU
		{84531022-DEBE-4F2D-BD85-35DF5BDD0078}.Release|Any CPU.Build.0 = Release|Any CPU
	EndGlobalSection
	GlobalSection(SolutionProperties) = preSolution
		HideSolutionNode = FALSE
	EndGlobalSection
	GlobalSection(ExtensibilityGlobals) = postSolution
		SolutionGuid = {0F5A31AF-6672-48A9-8A50-8CB785662045}
	EndGlobalSection
EndGlobal
